
Microsoft Visual Studio Solution File, Format Version 12.00
# Visual Studio Version 17
VisualStudioVersion = 17.7.34031.279
MinimumVisualStudioVersion = 10.0.40219.1
Project("{8BC9CEB8-8B4A-11D0-8D11-00A0C91BC942}") = "SE_Lab10", "SE_Lab10\SE_Lab10.vcxproj", "{B524F4C0-603C-404D-AA9E-86DCF53DE93A}"
EndProject
Project("{8BC9CEB8-8B4A-11D0-8D11-00A0C91BC942}") = "osn", "osn\osn.vcxproj", "{0EA0C555-08A4-44D7-931F-F812A9DA39BB}"
EndProject
Global
	GlobalSection(SolutionConfigurationPlatforms) = preSolution
		Debug|x64 = Debug|x64
		Debug|x86 = Debug|x86
		Release|x64 = Release|x64
		Release|x86 = Release|x86
	EndGlobalSection
	GlobalSection(ProjectConfigurationPlatforms) = postSolution
		{B524F4C0-603C-404D-AA9E-86DCF53DE93A}.Debug|x64.ActiveCfg = Debug|x64
		{B524F4C0-603C-404D-AA9E-86DCF53DE93A}.Debug|x64.Build.0 = Debug|x64
		{B524F4C0-603C-404D-AA9E-86DCF53DE93A}.Debug|x86.ActiveCfg = Debug|Win32
		{B524F4C0-603C-404D-AA9E-86DCF53DE93A}.Debug|x86.Build.0 = Debug|Win32
		{B524F4C0-603C-404D-AA9E-86DCF53DE93A}.Release|x64.ActiveCfg = Release|x64
		{B524F4C0-603C-404D-AA9E-86DCF53DE93A}.Release|x64.Build.0 = Release|x64
		{B524F4C0-603C-404D-AA9E-86DCF53DE93A}.Release|x86.ActiveCfg = Release|Win32
		{B524F4C0-603C-404D-AA9E-86DCF53DE93A}.Release|x86.Build.0 = Release|Win32
		{0EA0C555-08A4-44D7-931F-F812A9DA39BB}.Debug|x64.ActiveCfg = Debug|x64
		{0EA0C555-08A4-44D7-931F-F812A9DA39BB}.Debug|x64.Build.0 = Debug|x64
		{0EA0C555-08A4-44D7-931F-F812A9DA39BB}.Debug|x86.ActiveCfg = Debug|Win32
		{0EA0C555-08A4-44D7-931F-F812A9DA39BB}.Debug|x86.Build.0 = Debug|Win32
		{0EA0C555-08A4-44D7-931F-F812A9DA39BB}.Release|x64.ActiveCfg = Release|x64
		{0EA0C555-08A4-44D7-931F-F812A9DA39BB}.Release|x64.Build.0 = Release|x64
		{0EA0C555-08A4-44D7-931F-F812A9DA39BB}.Release|x86.ActiveCfg = Release|Win32
		{0EA0C555-08A4-44D7-931F-F812A9DA39BB}.Release|x86.Build.0 = Release|Win32
	EndGlobalSection
	GlobalSection(SolutionProperties) = preSolution
		HideSolutionNode = FALSE
	EndGlobalSection
	GlobalSection(ExtensibilityGlobals) = postSolution
		SolutionGuid = {22037DF0-EFC6-4385-88A4-A0746778E6C7}
	EndGlobalSection
EndGlobal
